// !$*UTF8*$!
{
	archiveVersion = 1;
	classes = {
	};
	objectVersion = 46;
	objects = {

/* Begin PBXBuildFile section */
		A2015BF41D16927F0039164F /* AppDelegate.swift in Sources */ = {isa = PBXBuildFile; fileRef = A2015BF31D16927F0039164F /* AppDelegate.swift */; };
		A2015BF61D16927F0039164F /* ViewController.swift in Sources */ = {isa = PBXBuildFile; fileRef = A2015BF51D16927F0039164F /* ViewController.swift */; };
		A2015BF91D16927F0039164F /* Main.storyboard in Resources */ = {isa = PBXBuildFile; fileRef = A2015BF71D16927F0039164F /* Main.storyboard */; };
		A2015BFB1D16927F0039164F /* Assets.xcassets in Resources */ = {isa = PBXBuildFile; fileRef = A2015BFA1D16927F0039164F /* Assets.xcassets */; };
		A2015BFE1D16927F0039164F /* LaunchScreen.storyboard in Resources */ = {isa = PBXBuildFile; fileRef = A2015BFC1D16927F0039164F /* LaunchScreen.storyboard */; };
		A2015C071D1693210039164F /* Post.swift in Sources */ = {isa = PBXBuildFile; fileRef = A2015C061D1693210039164F /* Post.swift */; };
		A2015C0A1D16A8120039164F /* PostCell.swift in Sources */ = {isa = PBXBuildFile; fileRef = A2015C091D16A8120039164F /* PostCell.swift */; };
		A2015C0D1D16C6F50039164F /* AddPostVC.swift in Sources */ = {isa = PBXBuildFile; fileRef = A2015C0C1D16C6F50039164F /* AddPostVC.swift */; };
		A20A92171D1C8C330017FB9E /* DataService.swift in Sources */ = {isa = PBXBuildFile; fileRef = A20A92161D1C8C330017FB9E /* DataService.swift */; };
/* End PBXBuildFile section */

/* Begin PBXFileReference section */
		A2015BF01D16927F0039164F /* My Hood.app */ = {isa = PBXFileReference; explicitFileType = wrapper.application; includeInIndex = 0; path = "My Hood.app"; sourceTree = BUILT_PRODUCTS_DIR; };
		A2015BF31D16927F0039164F /* AppDelegate.swift */ = {isa = PBXFileReference; lastKnownFileType = sourcecode.swift; path = AppDelegate.swift; sourceTree = "<group>"; };
		A2015BF51D16927F0039164F /* ViewController.swift */ = {isa = PBXFileReference; lastKnownFileType = sourcecode.swift; path = ViewController.swift; sourceTree = "<group>"; };
		A2015BF81D16927F0039164F /* Base */ = {isa = PBXFileReference; lastKnownFileType = file.storyboard; name = Base; path = Base.lproj/Main.storyboard; sourceTree = "<group>"; };
		A2015BFA1D16927F0039164F /* Assets.xcassets */ = {isa = PBXFileReference; lastKnownFileType = folder.assetcatalog; path = Assets.xcassets; sourceTree = "<group>"; };
		A2015BFD1D16927F0039164F /* Base */ = {isa = PBXFileReference; lastKnownFileType = file.storyboard; name = Base; path = Base.lproj/LaunchScreen.storyboard; sourceTree = "<group>"; };
		A2015BFF1D16927F0039164F /* Info.plist */ = {isa = PBXFileReference; lastKnownFileType = text.plist.xml; path = Info.plist; sourceTree = "<group>"; };
		A2015C061D1693210039164F /* Post.swift */ = {isa = PBXFileReference; fileEncoding = 4; lastKnownFileType = sourcecode.swift; path = Post.swift; sourceTree = "<group>"; };
		A2015C091D16A8120039164F /* PostCell.swift */ = {isa = PBXFileReference; fileEncoding = 4; lastKnownFileType = sourcecode.swift; path = PostCell.swift; sourceTree = "<group>"; };
		A2015C0C1D16C6F50039164F /* AddPostVC.swift */ = {isa = PBXFileReference; fileEncoding = 4; lastKnownFileType = sourcecode.swift; path = AddPostVC.swift; sourceTree = "<group>"; };
		A20A92161D1C8C330017FB9E /* DataService.swift */ = {isa = PBXFileReference; fileEncoding = 4; lastKnownFileType = sourcecode.swift; path = DataService.swift; sourceTree = "<group>"; };
/* End PBXFileReference section */

/* Begin PBXFrameworksBuildPhase section */
		A2015BED1D16927F0039164F /* Frameworks */ = {
			isa = PBXFrameworksBuildPhase;
			buildActionMask = 2147483647;
			files = (
			);
			runOnlyForDeploymentPostprocessing = 0;
		};
/* End PBXFrameworksBuildPhase section */

/* Begin PBXGroup section */
		A2015BE71D16927F0039164F = {
			isa = PBXGroup;
			children = (
				A2015BF21D16927F0039164F /* My Hood */,
				A2015BF11D16927F0039164F /* Products */,
			);
			sourceTree = "<group>";
		};
		A2015BF11D16927F0039164F /* Products */ = {
			isa = PBXGroup;
			children = (
				A2015BF01D16927F0039164F /* My Hood.app */,
			);
			name = Products;
			sourceTree = "<group>";
		};
		A2015BF21D16927F0039164F /* My Hood */ = {
			isa = PBXGroup;
			children = (
				A20A92151D1C8C100017FB9E /* Services */,
				A2015C0B1D16C64B0039164F /* Controller */,
				A2015C081D16A7C90039164F /* View */,
				A2015C051D1692EC0039164F /* Model */,
				A2015BF31D16927F0039164F /* AppDelegate.swift */,
				A2015BFA1D16927F0039164F /* Assets.xcassets */,
				A2015BFF1D16927F0039164F /* Info.plist */,
			);
			path = "My Hood";
			sourceTree = "<group>";
		};
		A2015C051D1692EC0039164F /* Model */ = {
			isa = PBXGroup;
			children = (
				A2015C061D1693210039164F /* Post.swift */,
			);
			name = Model;
			sourceTree = "<group>";
		};
		A2015C081D16A7C90039164F /* View */ = {
			isa = PBXGroup;
			children = (
				A2015BF71D16927F0039164F /* Main.storyboard */,
				A2015BFC1D16927F0039164F /* LaunchScreen.storyboard */,
				A2015C091D16A8120039164F /* PostCell.swift */,
			);
			name = View;
			sourceTree = "<group>";
		};
		A2015C0B1D16C64B0039164F /* Controller */ = {
			isa = PBXGroup;
			children = (
				A2015BF51D16927F0039164F /* ViewController.swift */,
				A2015C0C1D16C6F50039164F /* AddPostVC.swift */,
			);
			name = Controller;
			sourceTree = "<group>";
		};
		A20A92151D1C8C100017FB9E /* Services */ = {
			isa = PBXGroup;
			children = (
				A20A92161D1C8C330017FB9E /* DataService.swift */,
			);
			name = Services;
			sourceTree = "<group>";
		};
/* End PBXGroup section */

/* Begin PBXNativeTarget section */
		A2015BEF1D16927F0039164F /* My Hood */ = {
			isa = PBXNativeTarget;
			buildConfigurationList = A2015C021D16927F0039164F /* Build configuration list for PBXNativeTarget "My Hood" */;
			buildPhases = (
				A2015BEC1D16927F0039164F /* Sources */,
				A2015BED1D16927F0039164F /* Frameworks */,
				A2015BEE1D16927F0039164F /* Resources */,
			);
			buildRules = (
			);
			dependencies = (
			);
			name = "My Hood";
			productName = "My Hood";
			productReference = A2015BF01D16927F0039164F /* My Hood.app */;
			productType = "com.apple.product-type.application";
		};
/* End PBXNativeTarget section */

/* Begin PBXProject section */
		A2015BE81D16927F0039164F /* Project object */ = {
			isa = PBXProject;
			attributes = {
				LastSwiftUpdateCheck = 0730;
				LastUpgradeCheck = 0730;
				ORGANIZATIONNAME = bacskai;
				TargetAttributes = {
					A2015BEF1D16927F0039164F = {
						CreatedOnToolsVersion = 7.3;
					};
				};
			};
			buildConfigurationList = A2015BEB1D16927F0039164F /* Build configuration list for PBXProject "My Hood" */;
			compatibilityVersion = "Xcode 3.2";
			developmentRegion = English;
			hasScannedForEncodings = 0;
			knownRegions = (
				en,
				Base,
			);
			mainGroup = A2015BE71D16927F0039164F;
			productRefGroup = A2015BF11D16927F0039164F /* Products */;
			projectDirPath = "";
			projectRoot = "";
			targets = (
				A2015BEF1D16927F0039164F /* My Hood */,
			);
		};
/* End PBXProject section */

/* Begin PBXResourcesBuildPhase section */
		A2015BEE1D16927F0039164F /* Resources */ = {
			isa = PBXResourcesBuildPhase;
			buildActionMask = 2147483647;
			files = (
				A2015BFE1D16927F0039164F /* LaunchScreen.storyboard in Resources */,
				A2015BFB1D16927F0039164F /* Assets.xcassets in Resources */,
				A2015BF91D16927F0039164F /* Main.storyboard in Resources */,
			);
			runOnlyForDeploymentPostprocessing = 0;
		};
/* End PBXResourcesBuildPhase section */

/* Begin PBXSourcesBuildPhase section */
		A2015BEC1D16927F0039164F /* Sources */ = {
			isa = PBXSourcesBuildPhase;
			buildActionMask = 2147483647;
			files = (
				A2015C071D1693210039164F /* Post.swift in Sources */,
				A2015BF61D16927F0039164F /* ViewController.swift in Sources */,
				A2015C0D1D16C6F50039164F /* AddPostVC.swift in Sources */,
				A20A92171D1C8C330017FB9E /* DataService.swift in Sources */,
				A2015BF41D16927F0039164F /* AppDelegate.swift in Sources */,
				A2015C0A1D16A8120039164F /* PostCell.swift in Sources */,
			);
			runOnlyForDeploymentPostprocessing = 0;
		};
/* End PBXSourcesBuildPhase section */

/* Begin PBXVariantGroup section */
		A2015BF71D16927F0039164F /* Main.storyboard */ = {
			isa = PBXVariantGroup;
			children = (
				A2015BF81D16927F0039164F /* Base */,
			);
			name = Main.storyboard;
			sourceTree = "<group>";
		};
		A2015BFC1D16927F0039164F /* LaunchScreen.storyboard */ = {
			isa = PBXVariantGroup;
			children = (
				A2015BFD1D16927F0039164F /* Base */,
			);
			name = LaunchScreen.storyboard;
			sourceTree = "<group>";
		};
/* End PBXVariantGroup section */

/* Begin XCBuildConfiguration section */
		A2015C001D16927F0039164F /* Debug */ = {
			isa = XCBuildConfiguration;
			buildSettings = {
				ALWAYS_SEARCH_USER_PATHS = NO;
				CLANG_ANALYZER_NONNULL = YES;
				CLANG_CXX_LANGUAGE_STANDARD = "gnu++0x";
				CLANG_CXX_LIBRARY = "libc++";
				CLANG_ENABLE_MODULES = YES;
				CLANG_ENABLE_OBJC_ARC = YES;
				CLANG_WARN_BOOL_CONVERSION = YES;
				CLANG_WARN_CONSTANT_CONVERSION = YES;
				CLANG_WARN_DIRECT_OBJC_ISA_USAGE = YES_ERROR;
				CLANG_WARN_EMPTY_BODY = YES;
				CLANG_WARN_ENUM_CONVERSION = YES;
				CLANG_WARN_INT_CONVERSION = YES;
				CLANG_WARN_OBJC_ROOT_CLASS = YES_ERROR;
				CLANG_WARN_UNREACHABLE_CODE = YES;
				CLANG_WARN__DUPLICATE_METHOD_MATCH = YES;
				"CODE_SIGN_IDENTITY[sdk=iphoneos*]" = "iPhone Developer";
				COPY_PHASE_STRIP = NO;
				DEBUG_INFORMATION_FORMAT = dwarf;
				ENABLE_STRICT_OBJC_MSGSEND = YES;
				ENABLE_TESTABILITY = YES;
				GCC_C_LANGUAGE_STANDARD = gnu99;
				GCC_DYNAMIC_NO_PIC = NO;
				GCC_NO_COMMON_BLOCKS = YES;
				GCC_OPTIMIZATION_LEVEL = 0;
				GCC_PREPROCESSOR_DEFINITIONS = (
					"DEBUG=1",
					"$(inherited)",
				);
				GCC_WARN_64_TO_32_BIT_CONVERSION = YES;
				GCC_WARN_ABOUT_RETURN_TYPE = YES_ERROR;
				GCC_WARN_UNDECLARED_SELECTOR = YES;
				GCC_WARN_UNINITIALIZED_AUTOS = YES_AGGRESSIVE;
				GCC_WARN_UNUSED_FUNCTION = YES;
				GCC_WARN_UNUSED_VARIABLE = YES;
				IPHONEOS_DEPLOYMENT_TARGET = 9.3;
				MTL_ENABLE_DEBUG_INFO = YES;
				ONLY_ACTIVE_ARCH = YES;
				SDKROOT = iphoneos;
				SWIFT_OPTIMIZATION_LEVEL = "-Onone";
				TARGETED_DEVICE_FAMILY = "1,2";
			};
			name = Debug;
		};
		A2015C011D16927F0039164F /* Release */ = {
			isa = XCBuildConfiguration;
			buildSettings = {
				ALWAYS_SEARCH_USER_PATHS = NO;
				CLANG_ANALYZER_NONNULL = YES;
				CLANG_CXX_LANGUAGE_STANDARD = "gnu++0x";
				CLANG_CXX_LIBRARY = "libc++";
				CLANG_ENABLE_MODULES = YES;
				CLANG_ENABLE_OBJC_ARC = YES;
				CLANG_WARN_BOOL_CONVERSION = YES;
				CLANG_WARN_CONSTANT_CONVERSION = YES;
				CLANG_WARN_DIRECT_OBJC_ISA_USAGE = YES_ERROR;
				CLANG_WARN_EMPTY_BODY = YES;
				CLANG_WARN_ENUM_CONVERSION = YES;
				CLANG_WARN_INT_CONVERSION = YES;
				CLANG_WARN_OBJC_ROOT_CLASS = YES_ERROR;
				CLANG_WARN_UNREACHABLE_CODE = YES;
				CLANG_WARN__DUPLICATE_METHOD_MATCH = YES;
				"CODE_SIGN_IDENTITY[sdk=iphoneos*]" = "iPhone Developer";
				COPY_PHASE_STRIP = NO;
				DEBUG_INFORMATION_FORMAT = "dwarf-with-dsym";
				ENABLE_NS_ASSERTIONS = NO;
				ENABLE_STRICT_OBJC_MSGSEND = YES;
				GCC_C_LANGUAGE_STANDARD = gnu99;
				GCC_NO_COMMON_BLOCKS = YES;
				GCC_WARN_64_TO_32_BIT_CONVERSION = YES;
				GCC_WARN_ABOUT_RETURN_TYPE = YES_ERROR;
				GCC_WARN_UNDECLARED_SELECTOR = YES;
				GCC_WARN_UNINITIALIZED_AUTOS = YES_AGGRESSIVE;
				GCC_WARN_UNUSED_FUNCTION = YES;
				GCC_WARN_UNUSED_VARIABLE = YES;
				IPHONEOS_DEPLOYMENT_TARGET = 9.3;
				MTL_ENABLE_DEBUG_INFO = NO;
				SDKROOT = iphoneos;
				TARGETED_DEVICE_FAMILY = "1,2";
				VALIDATE_PRODUCT = YES;
			};
			name = Release;
		};
		A2015C031D16927F0039164F /* Debug */ = {
			isa = XCBuildConfiguration;
			buildSettings = {
				ASSETCATALOG_COMPILER_APPICON_NAME = AppIcon;
				INFOPLIST_FILE = "My Hood/Info.plist";
				LD_RUNPATH_SEARCH_PATHS = "$(inherited) @executable_path/Frameworks";
				PRODUCT_BUNDLE_IDENTIFIER = "com.bacskai.My-Hood";
				PRODUCT_NAME = "$(TARGET_NAME)";
			};
			name = Debug;
		};
		A2015C041D16927F0039164F /* Release */ = {
			isa = XCBuildConfiguration;
			buildSettings = {
				ASSETCATALOG_COMPILER_APPICON_NAME = AppIcon;
				INFOPLIST_FILE = "My Hood/Info.plist";
				LD_RUNPATH_SEARCH_PATHS = "$(inherited) @executable_path/Frameworks";
				PRODUCT_BUNDLE_IDENTIFIER = "com.bacskai.My-Hood";
				PRODUCT_NAME = "$(TARGET_NAME)";
			};
			name = Release;
		};
/* End XCBuildConfiguration section */

/* Begin XCConfigurationList section */
		A2015BEB1D16927F0039164F /* Build configuration list for PBXProject "My Hood" */ = {
			isa = XCConfigurationList;
			buildConfigurations = (
				A2015C001D16927F0039164F /* Debug */,
				A2015C011D16927F0039164F /* Release */,
			);
			defaultConfigurationIsVisible = 0;
			defaultConfigurationName = Release;
		};
		A2015C021D16927F0039164F /* Build configuration list for PBXNativeTarget "My Hood" */ = {
			isa = XCConfigurationList;
			buildConfigurations = (
				A2015C031D16927F0039164F /* Debug */,
				A2015C041D16927F0039164F /* Release */,
			);
			defaultConfigurationIsVisible = 0;
			defaultConfigurationName = Release;
		};
/* End XCConfigurationList section */
	};
	rootObject = A2015BE81D16927F0039164F /* Project object */;
}
